
Microsoft Visual Studio Solution File, Format Version 12.00
# Visual Studio Version 17
VisualStudioVersion = 17.0.31903.59
MinimumVisualStudioVersion = 10.0.40219.1
Project("{2150E333-8FDC-42A3-9474-1A3956D46DE8}") = "src", "src", "{74E1993B-4CF4-468E-B3CD-40547444B654}"
EndProject
Project("{F2A71F9B-5D33-465A-A702-920D77279786}") = "cmap", "src\cmap\cmap.fsproj", "{D36A6069-5375-49E1-8292-6FEB11434B10}"
EndProject
Project("{F2A71F9B-5D33-465A-A702-920D77279786}") = "cmap.Tests", "src\cmap.Tests\cmap.Tests.fsproj", "{89928A8E-E5C6-43AB-9DE0-69A96EED6A84}"
EndProject
Project("{F2A71F9B-5D33-465A-A702-920D77279786}") = "cmap.Benchmarks", "src\cmap.Benchmarks\cmap.Benchmarks.fsproj", "{E4B8131E-EBD1-4946-8276-A9F9CCA51D56}"
EndProject
Project("{F2A71F9B-5D33-465A-A702-920D77279786}") = "cmap.AotTests", "src\cmap.AotTests\cmap.AotTests.fsproj", "{344048A3-CAF3-4E0A-B662-82B005B34D9A}"
EndProject
Global
	GlobalSection(SolutionConfigurationPlatforms) = preSolution
		Debug|Any CPU = Debug|Any CPU
		Debug|x64 = Debug|x64
		Debug|x86 = Debug|x86
		Release|Any CPU = Release|Any CPU
		Release|x64 = Release|x64
		Release|x86 = Release|x86
	EndGlobalSection
	GlobalSection(ProjectConfigurationPlatforms) = postSolution
		{D36A6069-5375-49E1-8292-6FEB11434B10}.Debug|Any CPU.ActiveCfg = Debug|Any CPU
		{D36A6069-5375-49E1-8292-6FEB11434B10}.Debug|Any CPU.Build.0 = Debug|Any CPU
		{D36A6069-5375-49E1-8292-6FEB11434B10}.Debug|x64.ActiveCfg = Debug|Any CPU
		{D36A6069-5375-49E1-8292-6FEB11434B10}.Debug|x64.Build.0 = Debug|Any CPU
		{D36A6069-5375-49E1-8292-6FEB11434B10}.Debug|x86.ActiveCfg = Debug|Any CPU
		{D36A6069-5375-49E1-8292-6FEB11434B10}.Debug|x86.Build.0 = Debug|Any CPU
		{D36A6069-5375-49E1-8292-6FEB11434B10}.Release|Any CPU.ActiveCfg = Release|Any CPU
		{D36A6069-5375-49E1-8292-6FEB11434B10}.Release|Any CPU.Build.0 = Release|Any CPU
		{D36A6069-5375-49E1-8292-6FEB11434B10}.Release|x64.ActiveCfg = Release|Any CPU
		{D36A6069-5375-49E1-8292-6FEB11434B10}.Release|x64.Build.0 = Release|Any CPU
		{D36A6069-5375-49E1-8292-6FEB11434B10}.Release|x86.ActiveCfg = Release|Any CPU
		{D36A6069-5375-49E1-8292-6FEB11434B10}.Release|x86.Build.0 = Release|Any CPU
		{89928A8E-E5C6-43AB-9DE0-69A96EED6A84}.Debug|Any CPU.ActiveCfg = Debug|Any CPU
		{89928A8E-E5C6-43AB-9DE0-69A96EED6A84}.Debug|Any CPU.Build.0 = Debug|Any CPU
		{89928A8E-E5C6-43AB-9DE0-69A96EED6A84}.Debug|x64.ActiveCfg = Debug|Any CPU
		{89928A8E-E5C6-43AB-9DE0-69A96EED6A84}.Debug|x64.Build.0 = Debug|Any CPU
		{89928A8E-E5C6-43AB-9DE0-69A96EED6A84}.Debug|x86.ActiveCfg = Debug|Any CPU
		{89928A8E-E5C6-43AB-9DE0-69A96EED6A84}.Debug|x86.Build.0 = Debug|Any CPU
		{89928A8E-E5C6-43AB-9DE0-69A96EED6A84}.Release|Any CPU.ActiveCfg = Release|Any CPU
		{89928A8E-E5C6-43AB-9DE0-69A96EED6A84}.Release|Any CPU.Build.0 = Release|Any CPU
		{89928A8E-E5C6-43AB-9DE0-69A96EED6A84}.Release|x64.ActiveCfg = Release|Any CPU
		{89928A8E-E5C6-43AB-9DE0-69A96EED6A84}.Release|x64.Build.0 = Release|Any CPU
		{89928A8E-E5C6-43AB-9DE0-69A96EED6A84}.Release|x86.ActiveCfg = Release|Any CPU
		{89928A8E-E5C6-43AB-9DE0-69A96EED6A84}.Release|x86.Build.0 = Release|Any CPU
		{E4B8131E-EBD1-4946-8276-A9F9CCA51D56}.Debug|Any CPU.ActiveCfg = Debug|Any CPU
		{E4B8131E-EBD1-4946-8276-A9F9CCA51D56}.Debug|Any CPU.Build.0 = Debug|Any CPU
		{E4B8131E-EBD1-4946-8276-A9F9CCA51D56}.Debug|x64.ActiveCfg = Debug|Any CPU
		{E4B8131E-EBD1-4946-8276-A9F9CCA51D56}.Debug|x64.Build.0 = Debug|Any CPU
		{E4B8131E-EBD1-4946-8276-A9F9CCA51D56}.Debug|x86.ActiveCfg = Debug|Any CPU
		{E4B8131E-EBD1-4946-8276-A9F9CCA51D56}.Debug|x86.Build.0 = Debug|Any CPU
		{E4B8131E-EBD1-4946-8276-A9F9CCA51D56}.Release|Any CPU.ActiveCfg = Release|Any CPU
		{E4B8131E-EBD1-4946-8276-A9F9CCA51D56}.Release|Any CPU.Build.0 = Release|Any CPU
		{E4B8131E-EBD1-4946-8276-A9F9CCA51D56}.Release|x64.ActiveCfg = Release|Any CPU
		{E4B8131E-EBD1-4946-8276-A9F9CCA51D56}.Release|x64.Build.0 = Release|Any CPU
		{E4B8131E-EBD1-4946-8276-A9F9CCA51D56}.Release|x86.ActiveCfg = Release|Any CPU
		{E4B8131E-EBD1-4946-8276-A9F9CCA51D56}.Release|x86.Build.0 = Release|Any CPU
		{344048A3-CAF3-4E0A-B662-82B005B34D9A}.Debug|Any CPU.ActiveCfg = Debug|Any CPU
		{344048A3-CAF3-4E0A-B662-82B005B34D9A}.Debug|Any CPU.Build.0 = Debug|Any CPU
		{344048A3-CAF3-4E0A-B662-82B005B34D9A}.Debug|x64.ActiveCfg = Debug|Any CPU
		{344048A3-CAF3-4E0A-B662-82B005B34D9A}.Debug|x64.Build.0 = Debug|Any CPU
		{344048A3-CAF3-4E0A-B662-82B005B34D9A}.Debug|x86.ActiveCfg = Debug|Any CPU
		{344048A3-CAF3-4E0A-B662-82B005B34D9A}.Debug|x86.Build.0 = Debug|Any CPU
		{344048A3-CAF3-4E0A-B662-82B005B34D9A}.Release|Any CPU.ActiveCfg = Release|Any CPU
		{344048A3-CAF3-4E0A-B662-82B005B34D9A}.Release|Any CPU.Build.0 = Release|Any CPU
		{344048A3-CAF3-4E0A-B662-82B005B34D9A}.Release|x64.ActiveCfg = Release|Any CPU
		{344048A3-CAF3-4E0A-B662-82B005B34D9A}.Release|x64.Build.0 = Release|Any CPU
		{344048A3-CAF3-4E0A-B662-82B005B34D9A}.Release|x86.ActiveCfg = Release|Any CPU
		{344048A3-CAF3-4E0A-B662-82B005B34D9A}.Release|x86.Build.0 = Release|Any CPU
	EndGlobalSection
	GlobalSection(SolutionProperties) = preSolution
		HideSolutionNode = FALSE
	EndGlobalSection
	GlobalSection(NestedProjects) = preSolution
		{D36A6069-5375-49E1-8292-6FEB11434B10} = {74E1993B-4CF4-468E-B3CD-40547444B654}
		{89928A8E-E5C6-43AB-9DE0-69A96EED6A84} = {74E1993B-4CF4-468E-B3CD-40547444B654}
		{E4B8131E-EBD1-4946-8276-A9F9CCA51D56} = {74E1993B-4CF4-468E-B3CD-40547444B654}
		{344048A3-CAF3-4E0A-B662-82B005B34D9A} = {74E1993B-4CF4-468E-B3CD-40547444B654}
	EndGlobalSection
EndGlobal
