
Microsoft Visual Studio Solution File, Format Version 12.00
# Visual Studio Version 17
VisualStudioVersion = 17.0.31903.59
MinimumVisualStudioVersion = 10.0.40219.1
Project("{2150E333-8FDC-42A3-9474-1A3956D46DE8}") = "src", "src", "{74E1993B-4CF4-468E-B3CD-40547444B654}"
EndProject
Project("{2150E333-8FDC-42A3-9474-1A3956D46DE8}") = "tests", "tests", "{B99EC185-51EE-4F8F-BA42-B3C3137CF51D}"
EndProject
Project("{2150E333-8FDC-42A3-9474-1A3956D46DE8}") = "benchmarks", "benchmarks", "{FBD2D9CE-852D-4A37-A0A4-67861D31B8B0}"
EndProject
Project("{F2A71F9B-5D33-465A-A702-920D77279786}") = "CodecMapper", "src\CodecMapper\CodecMapper.fsproj", "{D36A6069-5375-49E1-8292-6FEB11434B10}"
EndProject
Project("{F2A71F9B-5D33-465A-A702-920D77279786}") = "CodecMapper.Tests", "tests\CodecMapper.Tests\CodecMapper.Tests.fsproj", "{89928A8E-E5C6-43AB-9DE0-69A96EED6A84}"
EndProject
Project("{F2A71F9B-5D33-465A-A702-920D77279786}") = "CodecMapper.Benchmarks", "benchmarks\CodecMapper.Benchmarks\CodecMapper.Benchmarks.fsproj", "{E4B8131E-EBD1-4946-8276-A9F9CCA51D56}"
EndProject
Project("{F2A71F9B-5D33-465A-A702-920D77279786}") = "CodecMapper.AotTests", "tests\CodecMapper.AotTests\CodecMapper.AotTests.fsproj", "{344048A3-CAF3-4E0A-B662-82B005B34D9A}"
EndProject
Project("{F2A71F9B-5D33-465A-A702-920D77279786}") = "CodecMapper.Bridge", "src\CodecMapper.Bridge\CodecMapper.Bridge.fsproj", "{66F82704-0A1F-4122-91D2-0708DA505EB5}"
EndProject
Project("{FAE04EC0-301F-11D3-BF4B-00C04F79EFBC}") = "CodecMapper.CSharpModels", "tests\CodecMapper.CSharpModels\CodecMapper.CSharpModels.csproj", "{58FCB5AC-B8CE-4BFF-A162-C8E06C7DFBE4}"
EndProject
Project("{F2A71F9B-5D33-465A-A702-920D77279786}") = "CodecMapper.FableTests", "tests\CodecMapper.FableTests\CodecMapper.FableTests.fsproj", "{6B302955-CF07-4842-BF5E-8B6F08D7CB68}"
EndProject
Project("{F2A71F9B-5D33-465A-A702-920D77279786}") = "CodecMapper.Benchmarks.Runner", "benchmarks\CodecMapper.Benchmarks.Runner\CodecMapper.Benchmarks.Runner.fsproj", "{094F972A-5E84-4CC4-91C6-05DB37B7EA17}"
EndProject
Project("{F2A71F9B-5D33-465A-A702-920D77279786}") = "CodecMapper.CompatibilitySentinel", "tests\CodecMapper.CompatibilitySentinel\CodecMapper.CompatibilitySentinel.fsproj", "{ED11244C-7D10-4155-BD07-E82270C6C75D}"
EndProject
Global
	GlobalSection(SolutionConfigurationPlatforms) = preSolution
		Debug|Any CPU = Debug|Any CPU
		Debug|x64 = Debug|x64
		Debug|x86 = Debug|x86
		Release|Any CPU = Release|Any CPU
		Release|x64 = Release|x64
		Release|x86 = Release|x86
	EndGlobalSection
	GlobalSection(ProjectConfigurationPlatforms) = postSolution
		{D36A6069-5375-49E1-8292-6FEB11434B10}.Debug|Any CPU.ActiveCfg = Debug|Any CPU
		{D36A6069-5375-49E1-8292-6FEB11434B10}.Debug|Any CPU.Build.0 = Debug|Any CPU
		{D36A6069-5375-49E1-8292-6FEB11434B10}.Debug|x64.ActiveCfg = Debug|Any CPU
		{D36A6069-5375-49E1-8292-6FEB11434B10}.Debug|x64.Build.0 = Debug|Any CPU
		{D36A6069-5375-49E1-8292-6FEB11434B10}.Debug|x86.ActiveCfg = Debug|Any CPU
		{D36A6069-5375-49E1-8292-6FEB11434B10}.Debug|x86.Build.0 = Debug|Any CPU
		{D36A6069-5375-49E1-8292-6FEB11434B10}.Release|Any CPU.ActiveCfg = Release|Any CPU
		{D36A6069-5375-49E1-8292-6FEB11434B10}.Release|Any CPU.Build.0 = Release|Any CPU
		{D36A6069-5375-49E1-8292-6FEB11434B10}.Release|x64.ActiveCfg = Release|Any CPU
		{D36A6069-5375-49E1-8292-6FEB11434B10}.Release|x64.Build.0 = Release|Any CPU
		{D36A6069-5375-49E1-8292-6FEB11434B10}.Release|x86.ActiveCfg = Release|Any CPU
		{D36A6069-5375-49E1-8292-6FEB11434B10}.Release|x86.Build.0 = Release|Any CPU
		{89928A8E-E5C6-43AB-9DE0-69A96EED6A84}.Debug|Any CPU.ActiveCfg = Debug|Any CPU
		{89928A8E-E5C6-43AB-9DE0-69A96EED6A84}.Debug|Any CPU.Build.0 = Debug|Any CPU
		{89928A8E-E5C6-43AB-9DE0-69A96EED6A84}.Debug|x64.ActiveCfg = Debug|Any CPU
		{89928A8E-E5C6-43AB-9DE0-69A96EED6A84}.Debug|x64.Build.0 = Debug|Any CPU
		{89928A8E-E5C6-43AB-9DE0-69A96EED6A84}.Debug|x86.ActiveCfg = Debug|Any CPU
		{89928A8E-E5C6-43AB-9DE0-69A96EED6A84}.Debug|x86.Build.0 = Debug|Any CPU
		{89928A8E-E5C6-43AB-9DE0-69A96EED6A84}.Release|Any CPU.ActiveCfg = Release|Any CPU
		{89928A8E-E5C6-43AB-9DE0-69A96EED6A84}.Release|Any CPU.Build.0 = Release|Any CPU
		{89928A8E-E5C6-43AB-9DE0-69A96EED6A84}.Release|x64.ActiveCfg = Release|Any CPU
		{89928A8E-E5C6-43AB-9DE0-69A96EED6A84}.Release|x64.Build.0 = Release|Any CPU
		{89928A8E-E5C6-43AB-9DE0-69A96EED6A84}.Release|x86.ActiveCfg = Release|Any CPU
		{89928A8E-E5C6-43AB-9DE0-69A96EED6A84}.Release|x86.Build.0 = Release|Any CPU
		{E4B8131E-EBD1-4946-8276-A9F9CCA51D56}.Debug|Any CPU.ActiveCfg = Debug|Any CPU
		{E4B8131E-EBD1-4946-8276-A9F9CCA51D56}.Debug|Any CPU.Build.0 = Debug|Any CPU
		{E4B8131E-EBD1-4946-8276-A9F9CCA51D56}.Debug|x64.ActiveCfg = Debug|Any CPU
		{E4B8131E-EBD1-4946-8276-A9F9CCA51D56}.Debug|x64.Build.0 = Debug|Any CPU
		{E4B8131E-EBD1-4946-8276-A9F9CCA51D56}.Debug|x86.ActiveCfg = Debug|Any CPU
		{E4B8131E-EBD1-4946-8276-A9F9CCA51D56}.Debug|x86.Build.0 = Debug|Any CPU
		{E4B8131E-EBD1-4946-8276-A9F9CCA51D56}.Release|Any CPU.ActiveCfg = Release|Any CPU
		{E4B8131E-EBD1-4946-8276-A9F9CCA51D56}.Release|Any CPU.Build.0 = Release|Any CPU
		{E4B8131E-EBD1-4946-8276-A9F9CCA51D56}.Release|x64.ActiveCfg = Release|Any CPU
		{E4B8131E-EBD1-4946-8276-A9F9CCA51D56}.Release|x64.Build.0 = Release|Any CPU
		{E4B8131E-EBD1-4946-8276-A9F9CCA51D56}.Release|x86.ActiveCfg = Release|Any CPU
		{E4B8131E-EBD1-4946-8276-A9F9CCA51D56}.Release|x86.Build.0 = Release|Any CPU
		{344048A3-CAF3-4E0A-B662-82B005B34D9A}.Debug|Any CPU.ActiveCfg = Debug|Any CPU
		{344048A3-CAF3-4E0A-B662-82B005B34D9A}.Debug|Any CPU.Build.0 = Debug|Any CPU
		{344048A3-CAF3-4E0A-B662-82B005B34D9A}.Debug|x64.ActiveCfg = Debug|Any CPU
		{344048A3-CAF3-4E0A-B662-82B005B34D9A}.Debug|x64.Build.0 = Debug|Any CPU
		{344048A3-CAF3-4E0A-B662-82B005B34D9A}.Debug|x86.ActiveCfg = Debug|Any CPU
		{344048A3-CAF3-4E0A-B662-82B005B34D9A}.Debug|x86.Build.0 = Debug|Any CPU
		{344048A3-CAF3-4E0A-B662-82B005B34D9A}.Release|Any CPU.ActiveCfg = Release|Any CPU
		{344048A3-CAF3-4E0A-B662-82B005B34D9A}.Release|Any CPU.Build.0 = Release|Any CPU
		{344048A3-CAF3-4E0A-B662-82B005B34D9A}.Release|x64.ActiveCfg = Release|Any CPU
		{344048A3-CAF3-4E0A-B662-82B005B34D9A}.Release|x64.Build.0 = Release|Any CPU
		{344048A3-CAF3-4E0A-B662-82B005B34D9A}.Release|x86.ActiveCfg = Release|Any CPU
		{344048A3-CAF3-4E0A-B662-82B005B34D9A}.Release|x86.Build.0 = Release|Any CPU
		{66F82704-0A1F-4122-91D2-0708DA505EB5}.Debug|Any CPU.ActiveCfg = Debug|Any CPU
		{66F82704-0A1F-4122-91D2-0708DA505EB5}.Debug|Any CPU.Build.0 = Debug|Any CPU
		{66F82704-0A1F-4122-91D2-0708DA505EB5}.Debug|x64.ActiveCfg = Debug|Any CPU
		{66F82704-0A1F-4122-91D2-0708DA505EB5}.Debug|x64.Build.0 = Debug|Any CPU
		{66F82704-0A1F-4122-91D2-0708DA505EB5}.Debug|x86.ActiveCfg = Debug|Any CPU
		{66F82704-0A1F-4122-91D2-0708DA505EB5}.Debug|x86.Build.0 = Debug|Any CPU
		{66F82704-0A1F-4122-91D2-0708DA505EB5}.Release|Any CPU.ActiveCfg = Release|Any CPU
		{66F82704-0A1F-4122-91D2-0708DA505EB5}.Release|Any CPU.Build.0 = Release|Any CPU
		{66F82704-0A1F-4122-91D2-0708DA505EB5}.Release|x64.ActiveCfg = Release|Any CPU
		{66F82704-0A1F-4122-91D2-0708DA505EB5}.Release|x64.Build.0 = Release|Any CPU
		{66F82704-0A1F-4122-91D2-0708DA505EB5}.Release|x86.ActiveCfg = Release|Any CPU
		{66F82704-0A1F-4122-91D2-0708DA505EB5}.Release|x86.Build.0 = Release|Any CPU
		{58FCB5AC-B8CE-4BFF-A162-C8E06C7DFBE4}.Debug|Any CPU.ActiveCfg = Debug|Any CPU
		{58FCB5AC-B8CE-4BFF-A162-C8E06C7DFBE4}.Debug|Any CPU.Build.0 = Debug|Any CPU
		{58FCB5AC-B8CE-4BFF-A162-C8E06C7DFBE4}.Debug|x64.ActiveCfg = Debug|Any CPU
		{58FCB5AC-B8CE-4BFF-A162-C8E06C7DFBE4}.Debug|x64.Build.0 = Debug|Any CPU
		{58FCB5AC-B8CE-4BFF-A162-C8E06C7DFBE4}.Debug|x86.ActiveCfg = Debug|Any CPU
		{58FCB5AC-B8CE-4BFF-A162-C8E06C7DFBE4}.Debug|x86.Build.0 = Debug|Any CPU
		{58FCB5AC-B8CE-4BFF-A162-C8E06C7DFBE4}.Release|Any CPU.ActiveCfg = Release|Any CPU
		{58FCB5AC-B8CE-4BFF-A162-C8E06C7DFBE4}.Release|Any CPU.Build.0 = Release|Any CPU
		{58FCB5AC-B8CE-4BFF-A162-C8E06C7DFBE4}.Release|x64.ActiveCfg = Release|Any CPU
		{58FCB5AC-B8CE-4BFF-A162-C8E06C7DFBE4}.Release|x64.Build.0 = Release|Any CPU
		{58FCB5AC-B8CE-4BFF-A162-C8E06C7DFBE4}.Release|x86.ActiveCfg = Release|Any CPU
		{58FCB5AC-B8CE-4BFF-A162-C8E06C7DFBE4}.Release|x86.Build.0 = Release|Any CPU
		{6B302955-CF07-4842-BF5E-8B6F08D7CB68}.Debug|Any CPU.ActiveCfg = Debug|Any CPU
		{6B302955-CF07-4842-BF5E-8B6F08D7CB68}.Debug|Any CPU.Build.0 = Debug|Any CPU
		{6B302955-CF07-4842-BF5E-8B6F08D7CB68}.Debug|x64.ActiveCfg = Debug|Any CPU
		{6B302955-CF07-4842-BF5E-8B6F08D7CB68}.Debug|x64.Build.0 = Debug|Any CPU
		{6B302955-CF07-4842-BF5E-8B6F08D7CB68}.Debug|x86.ActiveCfg = Debug|Any CPU
		{6B302955-CF07-4842-BF5E-8B6F08D7CB68}.Debug|x86.Build.0 = Debug|Any CPU
		{6B302955-CF07-4842-BF5E-8B6F08D7CB68}.Release|Any CPU.ActiveCfg = Release|Any CPU
		{6B302955-CF07-4842-BF5E-8B6F08D7CB68}.Release|Any CPU.Build.0 = Release|Any CPU
		{6B302955-CF07-4842-BF5E-8B6F08D7CB68}.Release|x64.ActiveCfg = Release|Any CPU
		{6B302955-CF07-4842-BF5E-8B6F08D7CB68}.Release|x64.Build.0 = Release|Any CPU
		{6B302955-CF07-4842-BF5E-8B6F08D7CB68}.Release|x86.ActiveCfg = Release|Any CPU
		{6B302955-CF07-4842-BF5E-8B6F08D7CB68}.Release|x86.Build.0 = Release|Any CPU
		{094F972A-5E84-4CC4-91C6-05DB37B7EA17}.Debug|Any CPU.ActiveCfg = Debug|Any CPU
		{094F972A-5E84-4CC4-91C6-05DB37B7EA17}.Debug|Any CPU.Build.0 = Debug|Any CPU
		{094F972A-5E84-4CC4-91C6-05DB37B7EA17}.Debug|x64.ActiveCfg = Debug|Any CPU
		{094F972A-5E84-4CC4-91C6-05DB37B7EA17}.Debug|x64.Build.0 = Debug|Any CPU
		{094F972A-5E84-4CC4-91C6-05DB37B7EA17}.Debug|x86.ActiveCfg = Debug|Any CPU
		{094F972A-5E84-4CC4-91C6-05DB37B7EA17}.Debug|x86.Build.0 = Debug|Any CPU
		{094F972A-5E84-4CC4-91C6-05DB37B7EA17}.Release|Any CPU.ActiveCfg = Release|Any CPU
		{094F972A-5E84-4CC4-91C6-05DB37B7EA17}.Release|Any CPU.Build.0 = Release|Any CPU
		{094F972A-5E84-4CC4-91C6-05DB37B7EA17}.Release|x64.ActiveCfg = Release|Any CPU
		{094F972A-5E84-4CC4-91C6-05DB37B7EA17}.Release|x64.Build.0 = Release|Any CPU
		{094F972A-5E84-4CC4-91C6-05DB37B7EA17}.Release|x86.ActiveCfg = Release|Any CPU
		{094F972A-5E84-4CC4-91C6-05DB37B7EA17}.Release|x86.Build.0 = Release|Any CPU
		{ED11244C-7D10-4155-BD07-E82270C6C75D}.Debug|Any CPU.ActiveCfg = Debug|Any CPU
		{ED11244C-7D10-4155-BD07-E82270C6C75D}.Debug|Any CPU.Build.0 = Debug|Any CPU
		{ED11244C-7D10-4155-BD07-E82270C6C75D}.Debug|x64.ActiveCfg = Debug|Any CPU
		{ED11244C-7D10-4155-BD07-E82270C6C75D}.Debug|x64.Build.0 = Debug|Any CPU
		{ED11244C-7D10-4155-BD07-E82270C6C75D}.Debug|x86.ActiveCfg = Debug|Any CPU
		{ED11244C-7D10-4155-BD07-E82270C6C75D}.Debug|x86.Build.0 = Debug|Any CPU
		{ED11244C-7D10-4155-BD07-E82270C6C75D}.Release|Any CPU.ActiveCfg = Release|Any CPU
		{ED11244C-7D10-4155-BD07-E82270C6C75D}.Release|Any CPU.Build.0 = Release|Any CPU
		{ED11244C-7D10-4155-BD07-E82270C6C75D}.Release|x64.ActiveCfg = Release|Any CPU
		{ED11244C-7D10-4155-BD07-E82270C6C75D}.Release|x64.Build.0 = Release|Any CPU
		{ED11244C-7D10-4155-BD07-E82270C6C75D}.Release|x86.ActiveCfg = Release|Any CPU
		{ED11244C-7D10-4155-BD07-E82270C6C75D}.Release|x86.Build.0 = Release|Any CPU
	EndGlobalSection
	GlobalSection(SolutionProperties) = preSolution
		HideSolutionNode = FALSE
	EndGlobalSection
	GlobalSection(NestedProjects) = preSolution
		{D36A6069-5375-49E1-8292-6FEB11434B10} = {74E1993B-4CF4-468E-B3CD-40547444B654}
		{89928A8E-E5C6-43AB-9DE0-69A96EED6A84} = {B99EC185-51EE-4F8F-BA42-B3C3137CF51D}
		{E4B8131E-EBD1-4946-8276-A9F9CCA51D56} = {FBD2D9CE-852D-4A37-A0A4-67861D31B8B0}
		{344048A3-CAF3-4E0A-B662-82B005B34D9A} = {B99EC185-51EE-4F8F-BA42-B3C3137CF51D}
		{66F82704-0A1F-4122-91D2-0708DA505EB5} = {74E1993B-4CF4-468E-B3CD-40547444B654}
		{58FCB5AC-B8CE-4BFF-A162-C8E06C7DFBE4} = {B99EC185-51EE-4F8F-BA42-B3C3137CF51D}
		{6B302955-CF07-4842-BF5E-8B6F08D7CB68} = {B99EC185-51EE-4F8F-BA42-B3C3137CF51D}
		{094F972A-5E84-4CC4-91C6-05DB37B7EA17} = {FBD2D9CE-852D-4A37-A0A4-67861D31B8B0}
		{ED11244C-7D10-4155-BD07-E82270C6C75D} = {B99EC185-51EE-4F8F-BA42-B3C3137CF51D}
	EndGlobalSection
EndGlobal
